
Microsoft Visual Studio Solution File, Format Version 12.00
# Visual Studio Version 16
VisualStudioVersion = 16.0.32510.428
MinimumVisualStudioVersion = 10.0.40219.1
Project("{FAE04EC0-301F-11D3-BF4B-00C04F79EFBC}") = "TaskManager", "TaskManager.csproj", "{864C4F37-8097-4262-96DF-7D3520CAC6B3}"
EndProject
Global
	GlobalSection(SolutionConfigurationPlatforms) = preSolution
		Debug|Any CPU = Debug|Any CPU
		Release|Any CPU = Release|Any CPU
	EndGlobalSection
	GlobalSection(ProjectConfigurationPlatforms) = postSolution
		{864C4F37-8097-4262-96DF-7D3520CAC6B3}.Debug|Any CPU.ActiveCfg = Debug|Any CPU
		{864C4F37-8097-4262-96DF-7D3520CAC6B3}.Debug|Any CPU.Build.0 = Debug|Any CPU
		{864C4F37-8097-4262-96DF-7D3520CAC6B3}.Release|Any CPU.ActiveCfg = Release|Any CPU
		{864C4F37-8097-4262-96DF-7D3520CAC6B3}.Release|Any CPU.Build.0 = Release|Any CPU
	EndGlobalSection
	GlobalSection(SolutionProperties) = preSolution
		HideSolutionNode = FALSE
	EndGlobalSection
	GlobalSection(ExtensibilityGlobals) = postSolution
		SolutionGuid = {FB67379E-CF73-4F43-BF07-B90CD79D3702}
	EndGlobalSection
EndGlobal
